Microsoft Visual Studio Solution File, Format Version 12.00
# Visual Studio 2012
Project("{FAE04EC0-301F-11D3-BF4B-00C04F79EFBC}") = "DesktopPet", "DesktopPet.csproj", "{DDC19DA0-2FC1-4C04-AC8B-8851E4220C07}"
EndProject
Global
	GlobalSection(SolutionConfigurationPlatforms) = preSolution
	Debug|Any CPU = Debug|Any CPU
	ExportDebug|Any CPU = ExportDebug|Any CPU
	ExportRelease|Any CPU = ExportRelease|Any CPU
	EndGlobalSection
	GlobalSection(ProjectConfigurationPlatforms) = postSolution
		{DDC19DA0-2FC1-4C04-AC8B-8851E4220C07}.Debug|Any CPU.ActiveCfg = Debug|Any CPU
		{DDC19DA0-2FC1-4C04-AC8B-8851E4220C07}.Debug|Any CPU.Build.0 = Debug|Any CPU
		{DDC19DA0-2FC1-4C04-AC8B-8851E4220C07}.ExportDebug|Any CPU.ActiveCfg = ExportDebug|Any CPU
		{DDC19DA0-2FC1-4C04-AC8B-8851E4220C07}.ExportDebug|Any CPU.Build.0 = ExportDebug|Any CPU
		{DDC19DA0-2FC1-4C04-AC8B-8851E4220C07}.ExportRelease|Any CPU.ActiveCfg = ExportRelease|Any CPU
		{DDC19DA0-2FC1-4C04-AC8B-8851E4220C07}.ExportRelease|Any CPU.Build.0 = ExportRelease|Any CPU
	EndGlobalSection
EndGlobal
